
Microsoft Visual Studio Solution File, Format Version 12.00
# Visual Studio Version 17
VisualStudioVersion = 17.0.32014.148
MinimumVisualStudioVersion = 10.0.40219.1
Project("{FAE04EC0-301F-11D3-BF4B-00C04F79EFBC}") = "TesteBancoDados", "TesteBancoDados.csproj", "{9EBF1A7F-0623-4BEC-9C8A-D17C773DB799}"
EndProject
Global
	GlobalSection(SolutionConfigurationPlatforms) = preSolution
		Debug|Any CPU = Debug|Any CPU
		Release|Any CPU = Release|Any CPU
	EndGlobalSection
	GlobalSection(ProjectConfigurationPlatforms) = postSolution
		{9EBF1A7F-0623-4BEC-9C8A-D17C773DB799}.Debug|Any CPU.ActiveCfg = Debug|Any CPU
		{9EBF1A7F-0623-4BEC-9C8A-D17C773DB799}.Debug|Any CPU.Build.0 = Debug|Any CPU
		{9EBF1A7F-0623-4BEC-9C8A-D17C773DB799}.Release|Any CPU.ActiveCfg = Release|Any CPU
		{9EBF1A7F-0623-4BEC-9C8A-D17C773DB799}.Release|Any CPU.Build.0 = Release|Any CPU
	EndGlobalSection
	GlobalSection(SolutionProperties) = preSolution
		HideSolutionNode = FALSE
	EndGlobalSection
	GlobalSection(ExtensibilityGlobals) = postSolution
		SolutionGuid = {FC12A16E-1226-4A56-B9AA-99462DB6574B}
	EndGlobalSection
EndGlobal
